
Microsoft Visual Studio Solution File, Format Version 12.00
# Visual Studio Version 17
VisualStudioVersion = 17.5.002.0
MinimumVisualStudioVersion = 10.0.40219.1
Project("{9A19103F-16F7-4668-BE54-9A1E7A4F7556}") = "ChessApp", "ChessApp.csproj", "{7A470E0D-44B5-41B8-9A2B-0356A076F85D}"
EndProject
Project("{FAE04EC0-301F-11D3-BF4B-00C04F79EFBC}") = "ChessPiecesLibrary", "..\..\IT_Task_4\ChessPiecesLibrary\ChessPiecesLibrary.csproj", "{0EAC5311-D640-4C45-9056-4E83E5279C5F}"
EndProject
Global
	GlobalSection(SolutionConfigurationPlatforms) = preSolution
		Debug|Any CPU = Debug|Any CPU
		Release|Any CPU = Release|Any CPU
	EndGlobalSection
	GlobalSection(ProjectConfigurationPlatforms) = postSolution
		{7A470E0D-44B5-41B8-9A2B-0356A076F85D}.Debug|Any CPU.ActiveCfg = Debug|Any CPU
		{7A470E0D-44B5-41B8-9A2B-0356A076F85D}.Debug|Any CPU.Build.0 = Debug|Any CPU
		{7A470E0D-44B5-41B8-9A2B-0356A076F85D}.Release|Any CPU.ActiveCfg = Release|Any CPU
		{7A470E0D-44B5-41B8-9A2B-0356A076F85D}.Release|Any CPU.Build.0 = Release|Any CPU
		{0EAC5311-D640-4C45-9056-4E83E5279C5F}.Debug|Any CPU.ActiveCfg = Debug|Any CPU
		{0EAC5311-D640-4C45-9056-4E83E5279C5F}.Debug|Any CPU.Build.0 = Debug|Any CPU
		{0EAC5311-D640-4C45-9056-4E83E5279C5F}.Release|Any CPU.ActiveCfg = Release|Any CPU
		{0EAC5311-D640-4C45-9056-4E83E5279C5F}.Release|Any CPU.Build.0 = Release|Any CPU
	EndGlobalSection
	GlobalSection(SolutionProperties) = preSolution
		HideSolutionNode = FALSE
	EndGlobalSection
	GlobalSection(ExtensibilityGlobals) = postSolution
		SolutionGuid = {7D3C1C4D-B29D-497C-AA48-73E5E572C4C4}
	EndGlobalSection
EndGlobal
